{
  "name": "natural-time-js",
  "version": "1.0.2",
  "lockfileVersion": 2,
  "requires": true,
  "packages": {
    "": {
      "version": "1.0.2",
      "license": "CC0-1.0",
      "dependencies": {
        "astronomy-engine": "^2.1.0"
      }
    },
    "node_modules/astronomy-engine": {
      "version": "2.1.2",
      "resolved": "https://registry.npmjs.org/astronomy-engine/-/astronomy-engine-2.1.2.tgz",
      "integrity": "sha512-40II4leEvmbKcj2Abryi60OO42TrZKWa7FbWY+6ZBE+goXhZKIIcDMyyORlvuVsaPIS8zXTQoJ4wy/d+j6NX2Q=="
    }
  },
  "dependencies": {
    "astronomy-engine": {
      "version": "2.1.2",
      "resolved": "https://registry.npmjs.org/astronomy-engine/-/astronomy-engine-2.1.2.tgz",
      "integrity": "sha512-40II4leEvmbKcj2Abryi60OO42TrZKWa7FbWY+6ZBE+goXhZKIIcDMyyORlvuVsaPIS8zXTQoJ4wy/d+j6NX2Q=="
    }
  }
}
