{
  "name": "natural-time-js",
  "version": "1.0.2",
  "lockfileVersion": 3,
  "requires": true,
  "packages": {
    "": {
      "name": "natural-time-js",
      "version": "1.0.2",
      "license": "CC0-1.0",
      "dependencies": {
        "astronomy-engine": "^2.1.19"
      }
    },
    "node_modules/astronomy-engine": {
      "version": "2.1.19",
      "resolved": "https://registry.npmjs.org/astronomy-engine/-/astronomy-engine-2.1.19.tgz",
      "integrity": "sha512-8yWKNf7UeNbH458h3sAJ6ZgAjE5jTXp/mNNRFoC20j2SHwZIjAQeEsBB2Q3uCFRaTCCJRv33K2XhkhZQMXoX6w==",
      "license": "MIT"
    }
  }
}
